
Microsoft Visual Studio Solution File, Format Version 12.00
# Visual Studio Version 16
VisualStudioVersion = 16.0.30104.148
MinimumVisualStudioVersion = 10.0.40219.1
Project("{8BC9CEB8-8B4A-11D0-8D11-00A0C91BC942}") = "Лабораторная работа №30", "Лабораторная работа №30.vcxproj", "{E1104906-0285-4976-AA52-1089FB235B6B}"
EndProject
Global
	GlobalSection(SolutionConfigurationPlatforms) = preSolution
		Debug|x64 = Debug|x64
		Debug|x86 = Debug|x86
		Release|x64 = Release|x64
		Release|x86 = Release|x86
	EndGlobalSection
	GlobalSection(ProjectConfigurationPlatforms) = postSolution
		{E1104906-0285-4976-AA52-1089FB235B6B}.Debug|x64.ActiveCfg = Debug|x64
		{E1104906-0285-4976-AA52-1089FB235B6B}.Debug|x64.Build.0 = Debug|x64
		{E1104906-0285-4976-AA52-1089FB235B6B}.Debug|x86.ActiveCfg = Debug|Win32
		{E1104906-0285-4976-AA52-1089FB235B6B}.Debug|x86.Build.0 = Debug|Win32
		{E1104906-0285-4976-AA52-1089FB235B6B}.Release|x64.ActiveCfg = Release|x64
		{E1104906-0285-4976-AA52-1089FB235B6B}.Release|x64.Build.0 = Release|x64
		{E1104906-0285-4976-AA52-1089FB235B6B}.Release|x86.ActiveCfg = Release|Win32
		{E1104906-0285-4976-AA52-1089FB235B6B}.Release|x86.Build.0 = Release|Win32
	EndGlobalSection
	GlobalSection(SolutionProperties) = preSolution
		HideSolutionNode = FALSE
	EndGlobalSection
	GlobalSection(ExtensibilityGlobals) = postSolution
		SolutionGuid = {8FDEFC3A-0A96-41AF-B735-38573E8963D9}
	EndGlobalSection
EndGlobal
